
Microsoft Visual Studio Solution File, Format Version 12.00
# Visual Studio Version 16
VisualStudioVersion = 16.0.30611.23
MinimumVisualStudioVersion = 10.0.40219.1
Project("{FAE04EC0-301F-11D3-BF4B-00C04F79EFBC}") = "Sobes", "Sobes\Sobes.csproj", "{A83A23A6-D8AE-4852-949F-85A488F53280}"
EndProject
Project("{FAE04EC0-301F-11D3-BF4B-00C04F79EFBC}") = "SobesTest", "SobesTest\SobesTest.csproj", "{0BC3EE26-5C6A-4947-B6F7-D2EEA175E2D9}"
EndProject
Global
	GlobalSection(SolutionConfigurationPlatforms) = preSolution
		Debug|Any CPU = Debug|Any CPU
		Release|Any CPU = Release|Any CPU
	EndGlobalSection
	GlobalSection(ProjectConfigurationPlatforms) = postSolution
		{A83A23A6-D8AE-4852-949F-85A488F53280}.Debug|Any CPU.ActiveCfg = Debug|Any CPU
		{A83A23A6-D8AE-4852-949F-85A488F53280}.Debug|Any CPU.Build.0 = Debug|Any CPU
		{A83A23A6-D8AE-4852-949F-85A488F53280}.Release|Any CPU.ActiveCfg = Release|Any CPU
		{A83A23A6-D8AE-4852-949F-85A488F53280}.Release|Any CPU.Build.0 = Release|Any CPU
		{0BC3EE26-5C6A-4947-B6F7-D2EEA175E2D9}.Debug|Any CPU.ActiveCfg = Debug|Any CPU
		{0BC3EE26-5C6A-4947-B6F7-D2EEA175E2D9}.Debug|Any CPU.Build.0 = Debug|Any CPU
		{0BC3EE26-5C6A-4947-B6F7-D2EEA175E2D9}.Release|Any CPU.ActiveCfg = Release|Any CPU
		{0BC3EE26-5C6A-4947-B6F7-D2EEA175E2D9}.Release|Any CPU.Build.0 = Release|Any CPU
	EndGlobalSection
	GlobalSection(SolutionProperties) = preSolution
		HideSolutionNode = FALSE
	EndGlobalSection
	GlobalSection(ExtensibilityGlobals) = postSolution
		SolutionGuid = {78493C95-A41B-4918-B91B-74C17247380E}
	EndGlobalSection
EndGlobal
